// !$*UTF8*$!
{
	archiveVersion = 1;
	classes = {
	};
	objectVersion = 50;
	objects = {

/* Begin PBXBuildFile section */
		145ACA9E24EE4A4A001A3981 /* ApplicationLaunchMode.swift in Sources */ = {isa = PBXBuildFile; fileRef = 145ACA9D24EE4A4A001A3981 /* ApplicationLaunchMode.swift */; };
		145ACAA124EE54E4001A3981 /* WebKit.framework in Frameworks */ = {isa = PBXBuildFile; fileRef = 145ACAA024EE54E4001A3981 /* WebKit.framework */; };
		97F1548B24E1C89C00D06E95 /* Main.storyboard in Resources */ = {isa = PBXBuildFile; fileRef = 97F1548924E1C89C00D06E95 /* Main.storyboard */; };
		97F1548D24E1C89C00D06E95 /* Assets.xcassets in Resources */ = {isa = PBXBuildFile; fileRef = 97F1548C24E1C89C00D06E95 /* Assets.xcassets */; };
		97F1549024E1C89C00D06E95 /* LaunchScreen.storyboard in Resources */ = {isa = PBXBuildFile; fileRef = 97F1548E24E1C89C00D06E95 /* LaunchScreen.storyboard */; };
		97F1549A24E1C8D800D06E95 /* SceneDelegate.swift in Sources */ = {isa = PBXBuildFile; fileRef = 97F1549724E1C8D800D06E95 /* SceneDelegate.swift */; };
		97F1549B24E1C8D800D06E95 /* AppDelegate.swift in Sources */ = {isa = PBXBuildFile; fileRef = 97F1549824E1C8D800D06E95 /* AppDelegate.swift */; };
		97F1549C24E1C8D800D06E95 /* ViewController.swift in Sources */ = {isa = PBXBuildFile; fileRef = 97F1549924E1C8D800D06E95 /* ViewController.swift */; };
/* End PBXBuildFile section */

/* Begin PBXFileReference section */
		145ACA9D24EE4A4A001A3981 /* ApplicationLaunchMode.swift */ = {isa = PBXFileReference; lastKnownFileType = sourcecode.swift; path = ApplicationLaunchMode.swift; sourceTree = "<group>"; };
		145ACAA024EE54E4001A3981 /* WebKit.framework */ = {isa = PBXFileReference; lastKnownFileType = wrapper.framework; name = WebKit.framework; path = System/Library/Frameworks/WebKit.framework; sourceTree = SDKROOT; };
		97F1548024E1C89C00D06E95 /* Second.app */ = {isa = PBXFileReference; explicitFileType = wrapper.application; includeInIndex = 0; path = Second.app; sourceTree = BUILT_PRODUCTS_DIR; };
		97F1548A24E1C89C00D06E95 /* Base */ = {isa = PBXFileReference; lastKnownFileType = file.storyboard; name = Base; path = Base.lproj/Main.storyboard; sourceTree = "<group>"; };
		97F1548C24E1C89C00D06E95 /* Assets.xcassets */ = {isa = PBXFileReference; lastKnownFileType = folder.assetcatalog; path = Assets.xcassets; sourceTree = "<group>"; };
		97F1548F24E1C89C00D06E95 /* Base */ = {isa = PBXFileReference; lastKnownFileType = file.storyboard; name = Base; path = Base.lproj/LaunchScreen.storyboard; sourceTree = "<group>"; };
		97F1549124E1C89C00D06E95 /* Info.plist */ = {isa = PBXFileReference; lastKnownFileType = text.plist.xml; path = Info.plist; sourceTree = "<group>"; };
		97F1549724E1C8D800D06E95 /* SceneDelegate.swift */ = {isa = PBXFileReference; fileEncoding = 4; lastKnownFileType = sourcecode.swift; path = SceneDelegate.swift; sourceTree = "<group>"; };
		97F1549824E1C8D800D06E95 /* AppDelegate.swift */ = {isa = PBXFileReference; fileEncoding = 4; lastKnownFileType = sourcecode.swift; path = AppDelegate.swift; sourceTree = "<group>"; };
		97F1549924E1C8D800D06E95 /* ViewController.swift */ = {isa = PBXFileReference; fileEncoding = 4; lastKnownFileType = sourcecode.swift; path = ViewController.swift; sourceTree = "<group>"; };
/* End PBXFileReference section */

/* Begin PBXFrameworksBuildPhase section */
		97F1547D24E1C89C00D06E95 /* Frameworks */ = {
			isa = PBXFrameworksBuildPhase;
			buildActionMask = 2147483647;
			files = (
				145ACAA124EE54E4001A3981 /* WebKit.framework in Frameworks */,
			);
			runOnlyForDeploymentPostprocessing = 0;
		};
/* End PBXFrameworksBuildPhase section */

/* Begin PBXGroup section */
		145ACA9F24EE54E4001A3981 /* Frameworks */ = {
			isa = PBXGroup;
			children = (
				145ACAA024EE54E4001A3981 /* WebKit.framework */,
			);
			name = Frameworks;
			sourceTree = "<group>";
		};
		97F1547724E1C89C00D06E95 = {
			isa = PBXGroup;
			children = (
				97F1548224E1C89C00D06E95 /* Second */,
				97F1548124E1C89C00D06E95 /* Products */,
				145ACA9F24EE54E4001A3981 /* Frameworks */,
			);
			sourceTree = "<group>";
		};
		97F1548124E1C89C00D06E95 /* Products */ = {
			isa = PBXGroup;
			children = (
				97F1548024E1C89C00D06E95 /* Second.app */,
			);
			name = Products;
			sourceTree = "<group>";
		};
		97F1548224E1C89C00D06E95 /* Second */ = {
			isa = PBXGroup;
			children = (
				97F1549824E1C8D800D06E95 /* AppDelegate.swift */,
				97F1549724E1C8D800D06E95 /* SceneDelegate.swift */,
				97F1549924E1C8D800D06E95 /* ViewController.swift */,
				97F1548924E1C89C00D06E95 /* Main.storyboard */,
				97F1548C24E1C89C00D06E95 /* Assets.xcassets */,
				97F1548E24E1C89C00D06E95 /* LaunchScreen.storyboard */,
				97F1549124E1C89C00D06E95 /* Info.plist */,
				145ACA9D24EE4A4A001A3981 /* ApplicationLaunchMode.swift */,
			);
			path = Second;
			sourceTree = "<group>";
		};
/* End PBXGroup section */

/* Begin PBXNativeTarget section */
		97F1547F24E1C89C00D06E95 /* Second */ = {
			isa = PBXNativeTarget;
			buildConfigurationList = 97F1549424E1C89C00D06E95 /* Build configuration list for PBXNativeTarget "Second" */;
			buildPhases = (
				97F1547C24E1C89C00D06E95 /* Sources */,
				97F1547D24E1C89C00D06E95 /* Frameworks */,
				97F1547E24E1C89C00D06E95 /* Resources */,
			);
			buildRules = (
			);
			dependencies = (
			);
			name = Second;
			productName = Second;
			productReference = 97F1548024E1C89C00D06E95 /* Second.app */;
			productType = "com.apple.product-type.application";
		};
/* End PBXNativeTarget section */

/* Begin PBXProject section */
		97F1547824E1C89C00D06E95 /* Project object */ = {
			isa = PBXProject;
			attributes = {
				LastSwiftUpdateCheck = 1120;
				LastUpgradeCheck = 1120;
				ORGANIZATIONNAME = "Роман Капылов";
				TargetAttributes = {
					97F1547F24E1C89C00D06E95 = {
						CreatedOnToolsVersion = 11.2.1;
						LastSwiftMigration = 1120;
					};
				};
			};
			buildConfigurationList = 97F1547B24E1C89C00D06E95 /* Build configuration list for PBXProject "Second" */;
			compatibilityVersion = "Xcode 9.3";
			developmentRegion = en;
			hasScannedForEncodings = 0;
			knownRegions = (
				en,
				Base,
			);
			mainGroup = 97F1547724E1C89C00D06E95;
			productRefGroup = 97F1548124E1C89C00D06E95 /* Products */;
			projectDirPath = "";
			projectRoot = "";
			targets = (
				97F1547F24E1C89C00D06E95 /* Second */,
			);
		};
/* End PBXProject section */

/* Begin PBXResourcesBuildPhase section */
		97F1547E24E1C89C00D06E95 /* Resources */ = {
			isa = PBXResourcesBuildPhase;
			buildActionMask = 2147483647;
			files = (
				97F1549024E1C89C00D06E95 /* LaunchScreen.storyboard in Resources */,
				97F1548D24E1C89C00D06E95 /* Assets.xcassets in Resources */,
				97F1548B24E1C89C00D06E95 /* Main.storyboard in Resources */,
			);
			runOnlyForDeploymentPostprocessing = 0;
		};
/* End PBXResourcesBuildPhase section */

/* Begin PBXSourcesBuildPhase section */
		97F1547C24E1C89C00D06E95 /* Sources */ = {
			isa = PBXSourcesBuildPhase;
			buildActionMask = 2147483647;
			files = (
				97F1549C24E1C8D800D06E95 /* ViewController.swift in Sources */,
				97F1549B24E1C8D800D06E95 /* AppDelegate.swift in Sources */,
				97F1549A24E1C8D800D06E95 /* SceneDelegate.swift in Sources */,
				145ACA9E24EE4A4A001A3981 /* ApplicationLaunchMode.swift in Sources */,
			);
			runOnlyForDeploymentPostprocessing = 0;
		};
/* End PBXSourcesBuildPhase section */

/* Begin PBXVariantGroup section */
		97F1548924E1C89C00D06E95 /* Main.storyboard */ = {
			isa = PBXVariantGroup;
			children = (
				97F1548A24E1C89C00D06E95 /* Base */,
			);
			name = Main.storyboard;
			sourceTree = "<group>";
		};
		97F1548E24E1C89C00D06E95 /* LaunchScreen.storyboard */ = {
			isa = PBXVariantGroup;
			children = (
				97F1548F24E1C89C00D06E95 /* Base */,
			);
			name = LaunchScreen.storyboard;
			sourceTree = "<group>";
		};
/* End PBXVariantGroup section */

/* Begin XCBuildConfiguration section */
		97F1549224E1C89C00D06E95 /* Debug */ = {
			isa = XCBuildConfiguration;
			buildSettings = {
				ALWAYS_SEARCH_USER_PATHS = NO;
				CLANG_ANALYZER_NONNULL = YES;
				CLANG_ANALYZER_NUMBER_OBJECT_CONVERSION = YES_AGGRESSIVE;
				CLANG_CXX_LANGUAGE_STANDARD = "gnu++14";
				CLANG_CXX_LIBRARY = "libc++";
				CLANG_ENABLE_MODULES = YES;
				CLANG_ENABLE_OBJC_ARC = YES;
				CLANG_ENABLE_OBJC_WEAK = YES;
				CLANG_WARN_BLOCK_CAPTURE_AUTORELEASING = YES;
				CLANG_WARN_BOOL_CONVERSION = YES;
				CLANG_WARN_COMMA = YES;
				CLANG_WARN_CONSTANT_CONVERSION = YES;
				CLANG_WARN_DEPRECATED_OBJC_IMPLEMENTATIONS = YES;
				CLANG_WARN_DIRECT_OBJC_ISA_USAGE = YES_ERROR;
				CLANG_WARN_DOCUMENTATION_COMMENTS = YES;
				CLANG_WARN_EMPTY_BODY = YES;
				CLANG_WARN_ENUM_CONVERSION = YES;
				CLANG_WARN_INFINITE_RECURSION = YES;
				CLANG_WARN_INT_CONVERSION = YES;
				CLANG_WARN_NON_LITERAL_NULL_CONVERSION = YES;
				CLANG_WARN_OBJC_IMPLICIT_RETAIN_SELF = YES;
				CLANG_WARN_OBJC_LITERAL_CONVERSION = YES;
				CLANG_WARN_OBJC_ROOT_CLASS = YES_ERROR;
				CLANG_WARN_RANGE_LOOP_ANALYSIS = YES;
				CLANG_WARN_STRICT_PROTOTYPES = YES;
				CLANG_WARN_SUSPICIOUS_MOVE = YES;
				CLANG_WARN_UNGUARDED_AVAILABILITY = YES_AGGRESSIVE;
				CLANG_WARN_UNREACHABLE_CODE = YES;
				CLANG_WARN__DUPLICATE_METHOD_MATCH = YES;
				COPY_PHASE_STRIP = NO;
				DEBUG_INFORMATION_FORMAT = dwarf;
				ENABLE_STRICT_OBJC_MSGSEND = YES;
				ENABLE_TESTABILITY = YES;
				GCC_C_LANGUAGE_STANDARD = gnu11;
				GCC_DYNAMIC_NO_PIC = NO;
				GCC_NO_COMMON_BLOCKS = YES;
				GCC_OPTIMIZATION_LEVEL = 0;
				GCC_PREPROCESSOR_DEFINITIONS = (
					"DEBUG=1",
					"$(inherited)",
				);
				GCC_WARN_64_TO_32_BIT_CONVERSION = YES;
				GCC_WARN_ABOUT_RETURN_TYPE = YES_ERROR;
				GCC_WARN_UNDECLARED_SELECTOR = YES;
				GCC_WARN_UNINITIALIZED_AUTOS = YES_AGGRESSIVE;
				GCC_WARN_UNUSED_FUNCTION = YES;
				GCC_WARN_UNUSED_VARIABLE = YES;
				IPHONEOS_DEPLOYMENT_TARGET = 13.2;
				MTL_ENABLE_DEBUG_INFO = INCLUDE_SOURCE;
				MTL_FAST_MATH = YES;
				ONLY_ACTIVE_ARCH = YES;
				SDKROOT = iphoneos;
				SWIFT_ACTIVE_COMPILATION_CONDITIONS = DEBUG;
				SWIFT_OPTIMIZATION_LEVEL = "-Onone";
			};
			name = Debug;
		};
		97F1549324E1C89C00D06E95 /* Release */ = {
			isa = XCBuildConfiguration;
			buildSettings = {
				ALWAYS_SEARCH_USER_PATHS = NO;
				CLANG_ANALYZER_NONNULL = YES;
				CLANG_ANALYZER_NUMBER_OBJECT_CONVERSION = YES_AGGRESSIVE;
				CLANG_CXX_LANGUAGE_STANDARD = "gnu++14";
				CLANG_CXX_LIBRARY = "libc++";
				CLANG_ENABLE_MODULES = YES;
				CLANG_ENABLE_OBJC_ARC = YES;
				CLANG_ENABLE_OBJC_WEAK = YES;
				CLANG_WARN_BLOCK_CAPTURE_AUTORELEASING = YES;
				CLANG_WARN_BOOL_CONVERSION = YES;
				CLANG_WARN_COMMA = YES;
				CLANG_WARN_CONSTANT_CONVERSION = YES;
				CLANG_WARN_DEPRECATED_OBJC_IMPLEMENTATIONS = YES;
				CLANG_WARN_DIRECT_OBJC_ISA_USAGE = YES_ERROR;
				CLANG_WARN_DOCUMENTATION_COMMENTS = YES;
				CLANG_WARN_EMPTY_BODY = YES;
				CLANG_WARN_ENUM_CONVERSION = YES;
				CLANG_WARN_INFINITE_RECURSION = YES;
				CLANG_WARN_INT_CONVERSION = YES;
				CLANG_WARN_NON_LITERAL_NULL_CONVERSION = YES;
				CLANG_WARN_OBJC_IMPLICIT_RETAIN_SELF = YES;
				CLANG_WARN_OBJC_LITERAL_CONVERSION = YES;
				CLANG_WARN_OBJC_ROOT_CLASS = YES_ERROR;
				CLANG_WARN_RANGE_LOOP_ANALYSIS = YES;
				CLANG_WARN_STRICT_PROTOTYPES = YES;
				CLANG_WARN_SUSPICIOUS_MOVE = YES;
				CLANG_WARN_UNGUARDED_AVAILABILITY = YES_AGGRESSIVE;
				CLANG_WARN_UNREACHABLE_CODE = YES;
				CLANG_WARN__DUPLICATE_METHOD_MATCH = YES;
				COPY_PHASE_STRIP = NO;
				DEBUG_INFORMATION_FORMAT = "dwarf-with-dsym";
				ENABLE_NS_ASSERTIONS = NO;
				ENABLE_STRICT_OBJC_MSGSEND = YES;
				GCC_C_LANGUAGE_STANDARD = gnu11;
				GCC_NO_COMMON_BLOCKS = YES;
				GCC_WARN_64_TO_32_BIT_CONVERSION = YES;
				GCC_WARN_ABOUT_RETURN_TYPE = YES_ERROR;
				GCC_WARN_UNDECLARED_SELECTOR = YES;
				GCC_WARN_UNINITIALIZED_AUTOS = YES_AGGRESSIVE;
				GCC_WARN_UNUSED_FUNCTION = YES;
				GCC_WARN_UNUSED_VARIABLE = YES;
				IPHONEOS_DEPLOYMENT_TARGET = 13.2;
				MTL_ENABLE_DEBUG_INFO = NO;
				MTL_FAST_MATH = YES;
				SDKROOT = iphoneos;
				SWIFT_COMPILATION_MODE = wholemodule;
				SWIFT_OPTIMIZATION_LEVEL = "-O";
				VALIDATE_PRODUCT = YES;
			};
			name = Release;
		};
		97F1549524E1C89C00D06E95 /* Debug */ = {
			isa = XCBuildConfiguration;
			buildSettings = {
				ASSETCATALOG_COMPILER_APPICON_NAME = AppIcon;
				CLANG_ENABLE_MODULES = YES;
				CODE_SIGN_STYLE = Automatic;
				INFOPLIST_FILE = Second/Info.plist;
				LD_RUNPATH_SEARCH_PATHS = (
					"$(inherited)",
					"@executable_path/Frameworks",
				);
				PRODUCT_BUNDLE_IDENTIFIER = comp.Second;
				PRODUCT_NAME = "$(TARGET_NAME)";
				SWIFT_OPTIMIZATION_LEVEL = "-Onone";
				SWIFT_VERSION = 5.0;
				TARGETED_DEVICE_FAMILY = "1,2";
			};
			name = Debug;
		};
		97F1549624E1C89C00D06E95 /* Release */ = {
			isa = XCBuildConfiguration;
			buildSettings = {
				ASSETCATALOG_COMPILER_APPICON_NAME = AppIcon;
				CLANG_ENABLE_MODULES = YES;
				CODE_SIGN_STYLE = Automatic;
				INFOPLIST_FILE = Second/Info.plist;
				LD_RUNPATH_SEARCH_PATHS = (
					"$(inherited)",
					"@executable_path/Frameworks",
				);
				PRODUCT_BUNDLE_IDENTIFIER = comp.Second;
				PRODUCT_NAME = "$(TARGET_NAME)";
				SWIFT_VERSION = 5.0;
				TARGETED_DEVICE_FAMILY = "1,2";
			};
			name = Release;
		};
/* End XCBuildConfiguration section */

/* Begin XCConfigurationList section */
		97F1547B24E1C89C00D06E95 /* Build configuration list for PBXProject "Second" */ = {
			isa = XCConfigurationList;
			buildConfigurations = (
				97F1549224E1C89C00D06E95 /* Debug */,
				97F1549324E1C89C00D06E95 /* Release */,
			);
			defaultConfigurationIsVisible = 0;
			defaultConfigurationName = Release;
		};
		97F1549424E1C89C00D06E95 /* Build configuration list for PBXNativeTarget "Second" */ = {
			isa = XCConfigurationList;
			buildConfigurations = (
				97F1549524E1C89C00D06E95 /* Debug */,
				97F1549624E1C89C00D06E95 /* Release */,
			);
			defaultConfigurationIsVisible = 0;
			defaultConfigurationName = Release;
		};
/* End XCConfigurationList section */
	};
	rootObject = 97F1547824E1C89C00D06E95 /* Project object */;
}
